
Microsoft Visual Studio Solution File, Format Version 12.00
# Visual Studio Version 16
VisualStudioVersion = 16.0.31005.135
MinimumVisualStudioVersion = 10.0.40219.1
Project("{FAE04EC0-301F-11D3-BF4B-00C04F79EFBC}") = "OverloadedOperators", "OverloadedOperators\OverloadedOperators.csproj", "{E650DA48-012F-4176-A474-7E2E4EF7467E}"
EndProject
Global
	GlobalSection(SolutionConfigurationPlatforms) = preSolution
		Debug|Any CPU = Debug|Any CPU
		Release|Any CPU = Release|Any CPU
	EndGlobalSection
	GlobalSection(ProjectConfigurationPlatforms) = postSolution
		{E650DA48-012F-4176-A474-7E2E4EF7467E}.Debug|Any CPU.ActiveCfg = Debug|Any CPU
		{E650DA48-012F-4176-A474-7E2E4EF7467E}.Debug|Any CPU.Build.0 = Debug|Any CPU
		{E650DA48-012F-4176-A474-7E2E4EF7467E}.Release|Any CPU.ActiveCfg = Release|Any CPU
		{E650DA48-012F-4176-A474-7E2E4EF7467E}.Release|Any CPU.Build.0 = Release|Any CPU
	EndGlobalSection
	GlobalSection(SolutionProperties) = preSolution
		HideSolutionNode = FALSE
	EndGlobalSection
	GlobalSection(ExtensibilityGlobals) = postSolution
		SolutionGuid = {E93A81DE-5CE2-488D-9A61-4DE8718F10A6}
	EndGlobalSection
EndGlobal
