
Microsoft Visual Studio Solution File, Format Version 12.00
# Visual Studio Version 16
VisualStudioVersion = 16.0.31005.135
MinimumVisualStudioVersion = 10.0.40219.1
Project("{FAE04EC0-301F-11D3-BF4B-00C04F79EFBC}") = "Lambda", "Lambda\Lambda.csproj", "{81D63AE7-9F61-4FA6-99CB-651865726229}"
EndProject
Global
	GlobalSection(SolutionConfigurationPlatforms) = preSolution
		Debug|Any CPU = Debug|Any CPU
		Release|Any CPU = Release|Any CPU
	EndGlobalSection
	GlobalSection(ProjectConfigurationPlatforms) = postSolution
		{81D63AE7-9F61-4FA6-99CB-651865726229}.Debug|Any CPU.ActiveCfg = Debug|Any CPU
		{81D63AE7-9F61-4FA6-99CB-651865726229}.Debug|Any CPU.Build.0 = Debug|Any CPU
		{81D63AE7-9F61-4FA6-99CB-651865726229}.Release|Any CPU.ActiveCfg = Release|Any CPU
		{81D63AE7-9F61-4FA6-99CB-651865726229}.Release|Any CPU.Build.0 = Release|Any CPU
	EndGlobalSection
	GlobalSection(SolutionProperties) = preSolution
		HideSolutionNode = FALSE
	EndGlobalSection
	GlobalSection(ExtensibilityGlobals) = postSolution
		SolutionGuid = {C9E32AC4-F115-4BB9-BE1D-DC62DBF60BFB}
	EndGlobalSection
EndGlobal
